
Microsoft Visual Studio Solution File, Format Version 12.00
# Visual Studio 2013
VisualStudioVersion = 12.0.40629.0
MinimumVisualStudioVersion = 10.0.40219.1
Project("{FAE04EC0-301F-11D3-BF4B-00C04F79EFBC}") = "CounterService", "CounterService\CounterService.csproj", "{ACA87F75-2854-4F8F-B593-32F35F9764FB}"
EndProject
Project("{FAE04EC0-301F-11D3-BF4B-00C04F79EFBC}") = "BillService", "BillService\BillService.csproj", "{69C54600-743D-4C9E-B0BF-01BE3A7E0213}"
EndProject
Project("{FAE04EC0-301F-11D3-BF4B-00C04F79EFBC}") = "FeedbackService", "FeedbackService\FeedbackService.csproj", "{BFAA0E8F-112F-4A55-8AA9-A419261328E6}"
EndProject
Global
	GlobalSection(SolutionConfigurationPlatforms) = preSolution
		Debug|Any CPU = Debug|Any CPU
		Release|Any CPU = Release|Any CPU
	EndGlobalSection
	GlobalSection(ProjectConfigurationPlatforms) = postSolution
		{ACA87F75-2854-4F8F-B593-32F35F9764FB}.Debug|Any CPU.ActiveCfg = Debug|Any CPU
		{ACA87F75-2854-4F8F-B593-32F35F9764FB}.Debug|Any CPU.Build.0 = Debug|Any CPU
		{ACA87F75-2854-4F8F-B593-32F35F9764FB}.Release|Any CPU.ActiveCfg = Release|Any CPU
		{ACA87F75-2854-4F8F-B593-32F35F9764FB}.Release|Any CPU.Build.0 = Release|Any CPU
		{69C54600-743D-4C9E-B0BF-01BE3A7E0213}.Debug|Any CPU.ActiveCfg = Debug|Any CPU
		{69C54600-743D-4C9E-B0BF-01BE3A7E0213}.Debug|Any CPU.Build.0 = Debug|Any CPU
		{69C54600-743D-4C9E-B0BF-01BE3A7E0213}.Release|Any CPU.ActiveCfg = Release|Any CPU
		{69C54600-743D-4C9E-B0BF-01BE3A7E0213}.Release|Any CPU.Build.0 = Release|Any CPU
		{BFAA0E8F-112F-4A55-8AA9-A419261328E6}.Debug|Any CPU.ActiveCfg = Debug|Any CPU
		{BFAA0E8F-112F-4A55-8AA9-A419261328E6}.Debug|Any CPU.Build.0 = Debug|Any CPU
		{BFAA0E8F-112F-4A55-8AA9-A419261328E6}.Release|Any CPU.ActiveCfg = Release|Any CPU
		{BFAA0E8F-112F-4A55-8AA9-A419261328E6}.Release|Any CPU.Build.0 = Release|Any CPU
	EndGlobalSection
	GlobalSection(SolutionProperties) = preSolution
		HideSolutionNode = FALSE
	EndGlobalSection
EndGlobal
